# THIS IS AN AUTOGENERATED FILE. DO NOT EDIT THIS FILE DIRECTLY.
# yarn lockfile v1


fast-check@^2.25.0:
  version "2.25.0"
  resolved "https://registry.yarnpkg.com/fast-check/-/fast-check-2.25.0.tgz#5146601851bf3be0953bd17eb2b7d547936c6561"
  integrity sha512-wRUT2KD2lAmT75WNIJIHECawoUUMHM0I5jrlLXGtGeqmPL8jl/EldUDjY1VCp6fDY8yflyfUeIOsOBrIbIiArg==
  dependencies:
    pure-rand "^5.0.1"

pure-rand@^5.0.1:
  version "5.0.1"
  resolved "https://registry.yarnpkg.com/pure-rand/-/pure-rand-5.0.1.tgz#97a287b4b4960b2a3448c0932bf28f2405cac51d"
  integrity sha512-ksWccjmXOHU2gJBnH0cK1lSYdvSZ0zLoCMSz/nTGh6hDvCSgcRxDyIcOBD6KNxFz3xhMPm/T267Tbe2JRymKEQ==

typescript@^4.6.4:
  version "4.6.4"
  resolved "https://registry.yarnpkg.com/typescript/-/typescript-4.6.4.tgz#caa78bbc3a59e6a5c510d35703f6a09877ce45e9"
  integrity sha512-9ia/jWHIEbo49HfjrLGfKbZSuWo9iTMwXO+Ca3pRsSpbsMbc7/IU8NKdCZVRRBafVPGnoJeFL76ZOAA84I9fEg==
